<?xml version="1.0" encoding="UTF-8" standalone="yes" ?>
<CodeBlocks_project_file>
	<FileVersion major="1" minor="6" />
	<Project>
		<Option title="enetosx" />
		<Option pch_mode="2" />
		<Option compiler="gcc" />
		<Build>
			<Target title="Release">
				<Option output="bin/Release/enetosx" prefix_auto="1" extension_auto="1" />
				<Option working_dir="" />
				<Option object_output="obj/Release/" />
				<Option type="2" />
				<Option compiler="gcc" />
				<Option createDefFile="1" />
				<Compiler>
					<Add option="-O2" />
					<Add directory="../include" />
				</Compiler>
				<Linker>
					<Add option="-s" />
				</Linker>
			</Target>
		</Build>
		<Compiler>
			<Add option="-Wall" />
		</Compiler>
		<Unit filename="../CMakeFiles/2.8.10.1/CompilerIdC/CMakeCCompilerId.c">
			<Option compilerVar="CC" />
		</Unit>
		<Unit filename="../CMakeFiles/2.8.10.1/CompilerIdCXX/CMakeCXXCompilerId.cpp" />
		<Unit filename="../callbacks.c">
			<Option compilerVar="CC" />
		</Unit>
		<Unit filename="../host.c">
			<Option compilerVar="CC" />
		</Unit>
		<Unit filename="../include/enet/callbacks.h" />
		<Unit filename="../include/enet/enet.h" />
		<Unit filename="../include/enet/list.h" />
		<Unit filename="../include/enet/protocol.h" />
		<Unit filename="../include/enet/time.h" />
		<Unit filename="../include/enet/types.h" />
		<Unit filename="../include/enet/unix.h" />
		<Unit filename="../include/enet/utility.h" />
		<Unit filename="../include/enet/win32.h" />
		<Unit filename="../list.c">
			<Option compilerVar="CC" />
		</Unit>
		<Unit filename="../packet.c">
			<Option compilerVar="CC" />
		</Unit>
		<Unit filename="../peer.c">
			<Option compilerVar="CC" />
		</Unit>
		<Unit filename="../protocol.c">
			<Option compilerVar="CC" />
		</Unit>
		<Unit filename="../unix.c">
			<Option compilerVar="CC" />
		</Unit>
		<Unit filename="../win32.c">
			<Option compilerVar="CC" />
		</Unit>
		<Extensions>
			<code_completion />
			<envvars />
			<debugger />
		</Extensions>
	</Project>
</CodeBlocks_project_file>
