# THIS IS AN AUTOGENERATED FILE. DO NOT EDIT THIS FILE DIRECTLY.
# yarn lockfile v1


esbuild@0.12.20:
  version "0.12.20"
  resolved "https://registry.yarnpkg.com/esbuild/-/esbuild-0.12.20.tgz#4d3c9d83c99a4031e027b42a4c398c23b6827cb0"
  integrity sha512-u7+0qTo9Z64MD9PhooEngCmzyEYJ6ovFhPp8PLNh3UasR5Ihjv6HWVXqm8uHmasdQlpsAf0IsY4U0YVUfCpt4Q==

ws@8.2.1:
  version "8.2.1"
  resolved "https://registry.yarnpkg.com/ws/-/ws-8.2.1.tgz#bdd92b3c56fdb47d2379b5ae534281922cc5bd12"
  integrity sha512-XkgWpJU3sHU7gX8f13NqTn6KQ85bd1WU7noBHTT8fSohx7OS1TPY8k+cyRPCzFkia7C4mM229yeHr1qK9sM4JQ==
